// !$*UTF8*$!
{
	archiveVersion = 1;
	classes = {
	};
	objectVersion = 46;
	objects = {

/* Begin PBXBuildFile section */
		1EC63C3518F9076000CB07A7 /* Foundation.framework in Frameworks */ = {isa = PBXBuildFile; fileRef = 1EC63C3418F9076000CB07A7 /* Foundation.framework */; };
		1EC63C3718F9076000CB07A7 /* CoreGraphics.framework in Frameworks */ = {isa = PBXBuildFile; fileRef = 1EC63C3618F9076000CB07A7 /* CoreGraphics.framework */; };
		1EC63C3918F9076000CB07A7 /* UIKit.framework in Frameworks */ = {isa = PBXBuildFile; fileRef = 1EC63C3818F9076000CB07A7 /* UIKit.framework */; };
		1EC63C3F18F9076000CB07A7 /* InfoPlist.strings in Resources */ = {isa = PBXBuildFile; fileRef = 1EC63C3D18F9076000CB07A7 /* InfoPlist.strings */; };
		1EC63C4118F9076000CB07A7 /* main.m in Sources */ = {isa = PBXBuildFile; fileRef = 1EC63C4018F9076000CB07A7 /* main.m */; };
		1EC63C4518F9076000CB07A7 /* OWAppDelegate.m in Sources */ = {isa = PBXBuildFile; fileRef = 1EC63C4418F9076000CB07A7 /* OWAppDelegate.m */; };
		1EC63C4818F9076000CB07A7 /* Main.storyboard in Resources */ = {isa = PBXBuildFile; fileRef = 1EC63C4618F9076000CB07A7 /* Main.storyboard */; };
		1EC63C4D18F9076000CB07A7 /* Images.xcassets in Resources */ = {isa = PBXBuildFile; fileRef = 1EC63C4C18F9076000CB07A7 /* Images.xcassets */; };
		1EC63C5418F9076000CB07A7 /* XCTest.framework in Frameworks */ = {isa = PBXBuildFile; fileRef = 1EC63C5318F9076000CB07A7 /* XCTest.framework */; };
		1EC63C5518F9076000CB07A7 /* Foundation.framework in Frameworks */ = {isa = PBXBuildFile; fileRef = 1EC63C3418F9076000CB07A7 /* Foundation.framework */; };
		1EC63C5618F9076000CB07A7 /* UIKit.framework in Frameworks */ = {isa = PBXBuildFile; fileRef = 1EC63C3818F9076000CB07A7 /* UIKit.framework */; };
		1EC63C5E18F9076000CB07A7 /* InfoPlist.strings in Resources */ = {isa = PBXBuildFile; fileRef = 1EC63C5C18F9076000CB07A7 /* InfoPlist.strings */; };
		1EC63C6018F9076000CB07A7 /* Out_of_this_worldTests.m in Sources */ = {isa = PBXBuildFile; fileRef = 1EC63C5F18F9076000CB07A7 /* Out_of_this_worldTests.m */; };
		1EC63C6E18F9092300CB07A7 /* OWOuterSpaceTableViewController.m in Sources */ = {isa = PBXBuildFile; fileRef = 1EC63C6D18F9092300CB07A7 /* OWOuterSpaceTableViewController.m */; };
		1ECDA4461900D0D700D7FFE2 /* OWAddSpaceObjectViewController.m in Sources */ = {isa = PBXBuildFile; fileRef = 1ECDA4451900D0D700D7FFE2 /* OWAddSpaceObjectViewController.m */; };
		1EF0339D18FB64C800F01A20 /* AstronomicalData.m in Sources */ = {isa = PBXBuildFile; fileRef = 1EF0339C18FB64C800F01A20 /* AstronomicalData.m */; };
		1EF033A818FB670100F01A20 /* Earth.jpg in Resources */ = {isa = PBXBuildFile; fileRef = 1EF0339E18FB670100F01A20 /* Earth.jpg */; };
		1EF033A918FB670100F01A20 /* EinsteinRing.jpg in Resources */ = {isa = PBXBuildFile; fileRef = 1EF0339F18FB670100F01A20 /* EinsteinRing.jpg */; };
		1EF033AA18FB670100F01A20 /* Jupiter.jpg in Resources */ = {isa = PBXBuildFile; fileRef = 1EF033A018FB670100F01A20 /* Jupiter.jpg */; };
		1EF033AB18FB670100F01A20 /* Mars.jpg in Resources */ = {isa = PBXBuildFile; fileRef = 1EF033A118FB670100F01A20 /* Mars.jpg */; };
		1EF033AC18FB670100F01A20 /* Mercury.jpg in Resources */ = {isa = PBXBuildFile; fileRef = 1EF033A218FB670100F01A20 /* Mercury.jpg */; };
		1EF033AD18FB670100F01A20 /* Neptune.jpg in Resources */ = {isa = PBXBuildFile; fileRef = 1EF033A318FB670100F01A20 /* Neptune.jpg */; };
		1EF033AE18FB670100F01A20 /* Orion.jpg in Resources */ = {isa = PBXBuildFile; fileRef = 1EF033A418FB670100F01A20 /* Orion.jpg */; };
		1EF033AF18FB670100F01A20 /* Saturn.jpg in Resources */ = {isa = PBXBuildFile; fileRef = 1EF033A518FB670100F01A20 /* Saturn.jpg */; };
		1EF033B018FB670100F01A20 /* Uranus.jpg in Resources */ = {isa = PBXBuildFile; fileRef = 1EF033A618FB670100F01A20 /* Uranus.jpg */; };
		1EF033B118FB670100F01A20 /* Venus.jpg in Resources */ = {isa = PBXBuildFile; fileRef = 1EF033A718FB670100F01A20 /* Venus.jpg */; };
		1EF033B418FB672800F01A20 /* OWSpaceObject.m in Sources */ = {isa = PBXBuildFile; fileRef = 1EF033B318FB672800F01A20 /* OWSpaceObject.m */; };
		1EF033FF18FB726C00F01A20 /* OWSpaceImageViewController.m in Sources */ = {isa = PBXBuildFile; fileRef = 1EF033FE18FB726C00F01A20 /* OWSpaceImageViewController.m */; };
		1EFC86B51900780100EB6956 /* OWSpaceDataViewController.m in Sources */ = {isa = PBXBuildFile; fileRef = 1EFC86B41900780100EB6956 /* OWSpaceDataViewController.m */; };
/* End PBXBuildFile section */

/* Begin PBXContainerItemProxy section */
		1EC63C5718F9076000CB07A7 /* PBXContainerItemProxy */ = {
			isa = PBXContainerItemProxy;
			containerPortal = 1EC63C2918F9076000CB07A7 /* Project object */;
			proxyType = 1;
			remoteGlobalIDString = 1EC63C3018F9076000CB07A7;
			remoteInfo = "Out of this world";
		};
/* End PBXContainerItemProxy section */

/* Begin PBXFileReference section */
		1EC63C3118F9076000CB07A7 /* Out of this world.app */ = {isa = PBXFileReference; explicitFileType = wrapper.application; includeInIndex = 0; path = "Out of this world.app"; sourceTree = BUILT_PRODUCTS_DIR; };
		1EC63C3418F9076000CB07A7 /* Foundation.framework */ = {isa = PBXFileReference; lastKnownFileType = wrapper.framework; name = Foundation.framework; path = System/Library/Frameworks/Foundation.framework; sourceTree = SDKROOT; };
		1EC63C3618F9076000CB07A7 /* CoreGraphics.framework */ = {isa = PBXFileReference; lastKnownFileType = wrapper.framework; name = CoreGraphics.framework; path = System/Library/Frameworks/CoreGraphics.framework; sourceTree = SDKROOT; };
		1EC63C3818F9076000CB07A7 /* UIKit.framework */ = {isa = PBXFileReference; lastKnownFileType = wrapper.framework; name = UIKit.framework; path = System/Library/Frameworks/UIKit.framework; sourceTree = SDKROOT; };
		1EC63C3C18F9076000CB07A7 /* Out of this world-Info.plist */ = {isa = PBXFileReference; lastKnownFileType = text.plist.xml; path = "Out of this world-Info.plist"; sourceTree = "<group>"; };
		1EC63C3E18F9076000CB07A7 /* en */ = {isa = PBXFileReference; lastKnownFileType = text.plist.strings; name = en; path = en.lproj/InfoPlist.strings; sourceTree = "<group>"; };
		1EC63C4018F9076000CB07A7 /* main.m */ = {isa = PBXFileReference; lastKnownFileType = sourcecode.c.objc; path = main.m; sourceTree = "<group>"; };
		1EC63C4218F9076000CB07A7 /* Out of this world-Prefix.pch */ = {isa = PBXFileReference; lastKnownFileType = sourcecode.c.h; path = "Out of this world-Prefix.pch"; sourceTree = "<group>"; };
		1EC63C4318F9076000CB07A7 /* OWAppDelegate.h */ = {isa = PBXFileReference; lastKnownFileType = sourcecode.c.h; path = OWAppDelegate.h; sourceTree = "<group>"; };
		1EC63C4418F9076000CB07A7 /* OWAppDelegate.m */ = {isa = PBXFileReference; lastKnownFileType = sourcecode.c.objc; path = OWAppDelegate.m; sourceTree = "<group>"; };
		1EC63C4718F9076000CB07A7 /* Base */ = {isa = PBXFileReference; lastKnownFileType = file.storyboard; name = Base; path = Base.lproj/Main.storyboard; sourceTree = "<group>"; };
		1EC63C4C18F9076000CB07A7 /* Images.xcassets */ = {isa = PBXFileReference; lastKnownFileType = folder.assetcatalog; path = Images.xcassets; sourceTree = "<group>"; };
		1EC63C5218F9076000CB07A7 /* Out of this worldTests.xctest */ = {isa = PBXFileReference; explicitFileType = wrapper.cfbundle; includeInIndex = 0; path = "Out of this worldTests.xctest"; sourceTree = BUILT_PRODUCTS_DIR; };
		1EC63C5318F9076000CB07A7 /* XCTest.framework */ = {isa = PBXFileReference; lastKnownFileType = wrapper.framework; name = XCTest.framework; path = Library/Frameworks/XCTest.framework; sourceTree = DEVELOPER_DIR; };
		1EC63C5B18F9076000CB07A7 /* Out of this worldTests-Info.plist */ = {isa = PBXFileReference; lastKnownFileType = text.plist.xml; path = "Out of this worldTests-Info.plist"; sourceTree = "<group>"; };
		1EC63C5D18F9076000CB07A7 /* en */ = {isa = PBXFileReference; lastKnownFileType = text.plist.strings; name = en; path = en.lproj/InfoPlist.strings; sourceTree = "<group>"; };
		1EC63C5F18F9076000CB07A7 /* Out_of_this_worldTests.m */ = {isa = PBXFileReference; lastKnownFileType = sourcecode.c.objc; path = Out_of_this_worldTests.m; sourceTree = "<group>"; };
		1EC63C6C18F9092300CB07A7 /* OWOuterSpaceTableViewController.h */ = {isa = PBXFileReference; fileEncoding = 4; lastKnownFileType = sourcecode.c.h; name = OWOuterSpaceTableViewController.h; path = ../OWOuterSpaceTableViewController.h; sourceTree = "<group>"; };
		1EC63C6D18F9092300CB07A7 /* OWOuterSpaceTableViewController.m */ = {isa = PBXFileReference; fileEncoding = 4; lastKnownFileType = sourcecode.c.objc; name = OWOuterSpaceTableViewController.m; path = ../OWOuterSpaceTableViewController.m; sourceTree = "<group>"; };
		1ECDA4441900D0D700D7FFE2 /* OWAddSpaceObjectViewController.h */ = {isa = PBXFileReference; fileEncoding = 4; lastKnownFileType = sourcecode.c.h; path = OWAddSpaceObjectViewController.h; sourceTree = "<group>"; };
		1ECDA4451900D0D700D7FFE2 /* OWAddSpaceObjectViewController.m */ = {isa = PBXFileReference; fileEncoding = 4; lastKnownFileType = sourcecode.c.objc; path = OWAddSpaceObjectViewController.m; sourceTree = "<group>"; };
		1EF0339B18FB64C800F01A20 /* AstronomicalData.h */ = {isa = PBXFileReference; fileEncoding = 4; lastKnownFileType = sourcecode.c.h; path = AstronomicalData.h; sourceTree = "<group>"; };
		1EF0339C18FB64C800F01A20 /* AstronomicalData.m */ = {isa = PBXFileReference; fileEncoding = 4; lastKnownFileType = sourcecode.c.objc; path = AstronomicalData.m; sourceTree = "<group>"; };
		1EF0339E18FB670100F01A20 /* Earth.jpg */ = {isa = PBXFileReference; lastKnownFileType = image.jpeg; path = Earth.jpg; sourceTree = "<group>"; };
		1EF0339F18FB670100F01A20 /* EinsteinRing.jpg */ = {isa = PBXFileReference; lastKnownFileType = image.jpeg; path = EinsteinRing.jpg; sourceTree = "<group>"; };
		1EF033A018FB670100F01A20 /* Jupiter.jpg */ = {isa = PBXFileReference; lastKnownFileType = image.jpeg; path = Jupiter.jpg; sourceTree = "<group>"; };
		1EF033A118FB670100F01A20 /* Mars.jpg */ = {isa = PBXFileReference; lastKnownFileType = image.jpeg; path = Mars.jpg; sourceTree = "<group>"; };
		1EF033A218FB670100F01A20 /* Mercury.jpg */ = {isa = PBXFileReference; lastKnownFileType = image.jpeg; path = Mercury.jpg; sourceTree = "<group>"; };
		1EF033A318FB670100F01A20 /* Neptune.jpg */ = {isa = PBXFileReference; lastKnownFileType = image.jpeg; path = Neptune.jpg; sourceTree = "<group>"; };
		1EF033A418FB670100F01A20 /* Orion.jpg */ = {isa = PBXFileReference; lastKnownFileType = image.jpeg; path = Orion.jpg; sourceTree = "<group>"; };
		1EF033A518FB670100F01A20 /* Saturn.jpg */ = {isa = PBXFileReference; lastKnownFileType = image.jpeg; path = Saturn.jpg; sourceTree = "<group>"; };
		1EF033A618FB670100F01A20 /* Uranus.jpg */ = {isa = PBXFileReference; lastKnownFileType = image.jpeg; path = Uranus.jpg; sourceTree = "<group>"; };
		1EF033A718FB670100F01A20 /* Venus.jpg */ = {isa = PBXFileReference; lastKnownFileType = image.jpeg; path = Venus.jpg; sourceTree = "<group>"; };
		1EF033B218FB672800F01A20 /* OWSpaceObject.h */ = {isa = PBXFileReference; fileEncoding = 4; lastKnownFileType = sourcecode.c.h; path = OWSpaceObject.h; sourceTree = "<group>"; };
		1EF033B318FB672800F01A20 /* OWSpaceObject.m */ = {isa = PBXFileReference; fileEncoding = 4; lastKnownFileType = sourcecode.c.objc; path = OWSpaceObject.m; sourceTree = "<group>"; usesTabs = 1; };
		1EF033FD18FB726C00F01A20 /* OWSpaceImageViewController.h */ = {isa = PBXFileReference; fileEncoding = 4; lastKnownFileType = sourcecode.c.h; path = OWSpaceImageViewController.h; sourceTree = "<group>"; };
		1EF033FE18FB726C00F01A20 /* OWSpaceImageViewController.m */ = {isa = PBXFileReference; fileEncoding = 4; lastKnownFileType = sourcecode.c.objc; path = OWSpaceImageViewController.m; sourceTree = "<group>"; };
		1EFC86B31900780100EB6956 /* OWSpaceDataViewController.h */ = {isa = PBXFileReference; fileEncoding = 4; lastKnownFileType = sourcecode.c.h; path = OWSpaceDataViewController.h; sourceTree = "<group>"; };
		1EFC86B41900780100EB6956 /* OWSpaceDataViewController.m */ = {isa = PBXFileReference; fileEncoding = 4; lastKnownFileType = sourcecode.c.objc; path = OWSpaceDataViewController.m; sourceTree = "<group>"; };
/* End PBXFileReference section */

/* Begin PBXFrameworksBuildPhase section */
		1EC63C2E18F9076000CB07A7 /* Frameworks */ = {
			isa = PBXFrameworksBuildPhase;
			buildActionMask = 2147483647;
			files = (
				1EC63C3718F9076000CB07A7 /* CoreGraphics.framework in Frameworks */,
				1EC63C3918F9076000CB07A7 /* UIKit.framework in Frameworks */,
				1EC63C3518F9076000CB07A7 /* Foundation.framework in Frameworks */,
			);
			runOnlyForDeploymentPostprocessing = 0;
		};
		1EC63C4F18F9076000CB07A7 /* Frameworks */ = {
			isa = PBXFrameworksBuildPhase;
			buildActionMask = 2147483647;
			files = (
				1EC63C5418F9076000CB07A7 /* XCTest.framework in Frameworks */,
				1EC63C5618F9076000CB07A7 /* UIKit.framework in Frameworks */,
				1EC63C5518F9076000CB07A7 /* Foundation.framework in Frameworks */,
			);
			runOnlyForDeploymentPostprocessing = 0;
		};
/* End PBXFrameworksBuildPhase section */

/* Begin PBXGroup section */
		1EC63C2818F9076000CB07A7 = {
			isa = PBXGroup;
			children = (
				1EC63C3A18F9076000CB07A7 /* Out of this world */,
				1EC63C5918F9076000CB07A7 /* Out of this worldTests */,
				1EC63C3318F9076000CB07A7 /* Frameworks */,
				1EC63C3218F9076000CB07A7 /* Products */,
			);
			sourceTree = "<group>";
		};
		1EC63C3218F9076000CB07A7 /* Products */ = {
			isa = PBXGroup;
			children = (
				1EC63C3118F9076000CB07A7 /* Out of this world.app */,
				1EC63C5218F9076000CB07A7 /* Out of this worldTests.xctest */,
			);
			name = Products;
			sourceTree = "<group>";
		};
		1EC63C3318F9076000CB07A7 /* Frameworks */ = {
			isa = PBXGroup;
			children = (
				1EC63C3418F9076000CB07A7 /* Foundation.framework */,
				1EC63C3618F9076000CB07A7 /* CoreGraphics.framework */,
				1EC63C3818F9076000CB07A7 /* UIKit.framework */,
				1EC63C5318F9076000CB07A7 /* XCTest.framework */,
			);
			name = Frameworks;
			sourceTree = "<group>";
		};
		1EC63C3A18F9076000CB07A7 /* Out of this world */ = {
			isa = PBXGroup;
			children = (
				1EC63C4618F9076000CB07A7 /* Main.storyboard */,
				1ECDA4441900D0D700D7FFE2 /* OWAddSpaceObjectViewController.h */,
				1ECDA4451900D0D700D7FFE2 /* OWAddSpaceObjectViewController.m */,
				1EFC86B31900780100EB6956 /* OWSpaceDataViewController.h */,
				1EFC86B41900780100EB6956 /* OWSpaceDataViewController.m */,
				1EC63C6C18F9092300CB07A7 /* OWOuterSpaceTableViewController.h */,
				1EC63C6D18F9092300CB07A7 /* OWOuterSpaceTableViewController.m */,
				1EF033FD18FB726C00F01A20 /* OWSpaceImageViewController.h */,
				1EF033FE18FB726C00F01A20 /* OWSpaceImageViewController.m */,
				1EC63C4318F9076000CB07A7 /* OWAppDelegate.h */,
				1EC63C4418F9076000CB07A7 /* OWAppDelegate.m */,
				1EC63C4C18F9076000CB07A7 /* Images.xcassets */,
				1EC63C3B18F9076000CB07A7 /* Supporting Files */,
			);
			path = "Out of this world";
			sourceTree = "<group>";
		};
		1EC63C3B18F9076000CB07A7 /* Supporting Files */ = {
			isa = PBXGroup;
			children = (
				1EF033B218FB672800F01A20 /* OWSpaceObject.h */,
				1EF033B318FB672800F01A20 /* OWSpaceObject.m */,
				1EF0339E18FB670100F01A20 /* Earth.jpg */,
				1EF0339F18FB670100F01A20 /* EinsteinRing.jpg */,
				1EF033A018FB670100F01A20 /* Jupiter.jpg */,
				1EF033A118FB670100F01A20 /* Mars.jpg */,
				1EF033A218FB670100F01A20 /* Mercury.jpg */,
				1EF033A318FB670100F01A20 /* Neptune.jpg */,
				1EF033A418FB670100F01A20 /* Orion.jpg */,
				1EF033A518FB670100F01A20 /* Saturn.jpg */,
				1EF033A618FB670100F01A20 /* Uranus.jpg */,
				1EF033A718FB670100F01A20 /* Venus.jpg */,
				1EF0339B18FB64C800F01A20 /* AstronomicalData.h */,
				1EF0339C18FB64C800F01A20 /* AstronomicalData.m */,
				1EC63C3C18F9076000CB07A7 /* Out of this world-Info.plist */,
				1EC63C3D18F9076000CB07A7 /* InfoPlist.strings */,
				1EC63C4018F9076000CB07A7 /* main.m */,
				1EC63C4218F9076000CB07A7 /* Out of this world-Prefix.pch */,
			);
			name = "Supporting Files";
			sourceTree = "<group>";
		};
		1EC63C5918F9076000CB07A7 /* Out of this worldTests */ = {
			isa = PBXGroup;
			children = (
				1EC63C5F18F9076000CB07A7 /* Out_of_this_worldTests.m */,
				1EC63C5A18F9076000CB07A7 /* Supporting Files */,
			);
			path = "Out of this worldTests";
			sourceTree = "<group>";
		};
		1EC63C5A18F9076000CB07A7 /* Supporting Files */ = {
			isa = PBXGroup;
			children = (
				1EC63C5B18F9076000CB07A7 /* Out of this worldTests-Info.plist */,
				1EC63C5C18F9076000CB07A7 /* InfoPlist.strings */,
			);
			name = "Supporting Files";
			sourceTree = "<group>";
		};
/* End PBXGroup section */

/* Begin PBXNativeTarget section */
		1EC63C3018F9076000CB07A7 /* Out of this world */ = {
			isa = PBXNativeTarget;
			buildConfigurationList = 1EC63C6318F9076100CB07A7 /* Build configuration list for PBXNativeTarget "Out of this world" */;
			buildPhases = (
				1EC63C2D18F9076000CB07A7 /* Sources */,
				1EC63C2E18F9076000CB07A7 /* Frameworks */,
				1EC63C2F18F9076000CB07A7 /* Resources */,
			);
			buildRules = (
			);
			dependencies = (
			);
			name = "Out of this world";
			productName = "Out of this world";
			productReference = 1EC63C3118F9076000CB07A7 /* Out of this world.app */;
			productType = "com.apple.product-type.application";
		};
		1EC63C5118F9076000CB07A7 /* Out of this worldTests */ = {
			isa = PBXNativeTarget;
			buildConfigurationList = 1EC63C6618F9076100CB07A7 /* Build configuration list for PBXNativeTarget "Out of this worldTests" */;
			buildPhases = (
				1EC63C4E18F9076000CB07A7 /* Sources */,
				1EC63C4F18F9076000CB07A7 /* Frameworks */,
				1EC63C5018F9076000CB07A7 /* Resources */,
			);
			buildRules = (
			);
			dependencies = (
				1EC63C5818F9076000CB07A7 /* PBXTargetDependency */,
			);
			name = "Out of this worldTests";
			productName = "Out of this worldTests";
			productReference = 1EC63C5218F9076000CB07A7 /* Out of this worldTests.xctest */;
			productType = "com.apple.product-type.bundle.unit-test";
		};
/* End PBXNativeTarget section */

/* Begin PBXProject section */
		1EC63C2918F9076000CB07A7 /* Project object */ = {
			isa = PBXProject;
			attributes = {
				CLASSPREFIX = OW;
				LastUpgradeCheck = 0510;
				ORGANIZATIONNAME = "Cooper RIchardson";
				TargetAttributes = {
					1EC63C5118F9076000CB07A7 = {
						TestTargetID = 1EC63C3018F9076000CB07A7;
					};
				};
			};
			buildConfigurationList = 1EC63C2C18F9076000CB07A7 /* Build configuration list for PBXProject "Out of this world" */;
			compatibilityVersion = "Xcode 3.2";
			developmentRegion = English;
			hasScannedForEncodings = 0;
			knownRegions = (
				en,
				Base,
			);
			mainGroup = 1EC63C2818F9076000CB07A7;
			productRefGroup = 1EC63C3218F9076000CB07A7 /* Products */;
			projectDirPath = "";
			projectRoot = "";
			targets = (
				1EC63C3018F9076000CB07A7 /* Out of this world */,
				1EC63C5118F9076000CB07A7 /* Out of this worldTests */,
			);
		};
/* End PBXProject section */

/* Begin PBXResourcesBuildPhase section */
		1EC63C2F18F9076000CB07A7 /* Resources */ = {
			isa = PBXResourcesBuildPhase;
			buildActionMask = 2147483647;
			files = (
				1EF033A818FB670100F01A20 /* Earth.jpg in Resources */,
				1EF033B118FB670100F01A20 /* Venus.jpg in Resources */,
				1EF033AC18FB670100F01A20 /* Mercury.jpg in Resources */,
				1EF033AF18FB670100F01A20 /* Saturn.jpg in Resources */,
				1EF033B018FB670100F01A20 /* Uranus.jpg in Resources */,
				1EC63C4D18F9076000CB07A7 /* Images.xcassets in Resources */,
				1EF033AD18FB670100F01A20 /* Neptune.jpg in Resources */,
				1EF033AB18FB670100F01A20 /* Mars.jpg in Resources */,
				1EC63C3F18F9076000CB07A7 /* InfoPlist.strings in Resources */,
				1EC63C4818F9076000CB07A7 /* Main.storyboard in Resources */,
				1EF033A918FB670100F01A20 /* EinsteinRing.jpg in Resources */,
				1EF033AA18FB670100F01A20 /* Jupiter.jpg in Resources */,
				1EF033AE18FB670100F01A20 /* Orion.jpg in Resources */,
			);
			runOnlyForDeploymentPostprocessing = 0;
		};
		1EC63C5018F9076000CB07A7 /* Resources */ = {
			isa = PBXResourcesBuildPhase;
			buildActionMask = 2147483647;
			files = (
				1EC63C5E18F9076000CB07A7 /* InfoPlist.strings in Resources */,
			);
			runOnlyForDeploymentPostprocessing = 0;
		};
/* End PBXResourcesBuildPhase section */

/* Begin PBXSourcesBuildPhase section */
		1EC63C2D18F9076000CB07A7 /* Sources */ = {
			isa = PBXSourcesBuildPhase;
			buildActionMask = 2147483647;
			files = (
				1ECDA4461900D0D700D7FFE2 /* OWAddSpaceObjectViewController.m in Sources */,
				1EC63C6E18F9092300CB07A7 /* OWOuterSpaceTableViewController.m in Sources */,
				1EF033B418FB672800F01A20 /* OWSpaceObject.m in Sources */,
				1EC63C4518F9076000CB07A7 /* OWAppDelegate.m in Sources */,
				1EC63C4118F9076000CB07A7 /* main.m in Sources */,
				1EF0339D18FB64C800F01A20 /* AstronomicalData.m in Sources */,
				1EFC86B51900780100EB6956 /* OWSpaceDataViewController.m in Sources */,
				1EF033FF18FB726C00F01A20 /* OWSpaceImageViewController.m in Sources */,
			);
			runOnlyForDeploymentPostprocessing = 0;
		};
		1EC63C4E18F9076000CB07A7 /* Sources */ = {
			isa = PBXSourcesBuildPhase;
			buildActionMask = 2147483647;
			files = (
				1EC63C6018F9076000CB07A7 /* Out_of_this_worldTests.m in Sources */,
			);
			runOnlyForDeploymentPostprocessing = 0;
		};
/* End PBXSourcesBuildPhase section */

/* Begin PBXTargetDependency section */
		1EC63C5818F9076000CB07A7 /* PBXTargetDependency */ = {
			isa = PBXTargetDependency;
			target = 1EC63C3018F9076000CB07A7 /* Out of this world */;
			targetProxy = 1EC63C5718F9076000CB07A7 /* PBXContainerItemProxy */;
		};
/* End PBXTargetDependency section */

/* Begin PBXVariantGroup section */
		1EC63C3D18F9076000CB07A7 /* InfoPlist.strings */ = {
			isa = PBXVariantGroup;
			children = (
				1EC63C3E18F9076000CB07A7 /* en */,
			);
			name = InfoPlist.strings;
			sourceTree = "<group>";
		};
		1EC63C4618F9076000CB07A7 /* Main.storyboard */ = {
			isa = PBXVariantGroup;
			children = (
				1EC63C4718F9076000CB07A7 /* Base */,
			);
			name = Main.storyboard;
			sourceTree = "<group>";
		};
		1EC63C5C18F9076000CB07A7 /* InfoPlist.strings */ = {
			isa = PBXVariantGroup;
			children = (
				1EC63C5D18F9076000CB07A7 /* en */,
			);
			name = InfoPlist.strings;
			sourceTree = "<group>";
		};
/* End PBXVariantGroup section */

/* Begin XCBuildConfiguration section */
		1EC63C6118F9076100CB07A7 /* Debug */ = {
			isa = XCBuildConfiguration;
			buildSettings = {
				ALWAYS_SEARCH_USER_PATHS = NO;
				CLANG_CXX_LANGUAGE_STANDARD = "gnu++0x";
				CLANG_CXX_LIBRARY = "libc++";
				CLANG_ENABLE_MODULES = YES;
				CLANG_ENABLE_OBJC_ARC = YES;
				CLANG_WARN_BOOL_CONVERSION = YES;
				CLANG_WARN_CONSTANT_CONVERSION = YES;
				CLANG_WARN_DIRECT_OBJC_ISA_USAGE = YES_ERROR;
				CLANG_WARN_EMPTY_BODY = YES;
				CLANG_WARN_ENUM_CONVERSION = YES;
				CLANG_WARN_INT_CONVERSION = YES;
				CLANG_WARN_OBJC_ROOT_CLASS = YES_ERROR;
				CLANG_WARN__DUPLICATE_METHOD_MATCH = YES;
				"CODE_SIGN_IDENTITY[sdk=iphoneos*]" = "iPhone Developer";
				COPY_PHASE_STRIP = NO;
				GCC_C_LANGUAGE_STANDARD = gnu99;
				GCC_DYNAMIC_NO_PIC = NO;
				GCC_OPTIMIZATION_LEVEL = 0;
				GCC_PREPROCESSOR_DEFINITIONS = (
					"DEBUG=1",
					"$(inherited)",
				);
				GCC_SYMBOLS_PRIVATE_EXTERN = NO;
				GCC_WARN_64_TO_32_BIT_CONVERSION = YES;
				GCC_WARN_ABOUT_RETURN_TYPE = YES_ERROR;
				GCC_WARN_UNDECLARED_SELECTOR = YES;
				GCC_WARN_UNINITIALIZED_AUTOS = YES_AGGRESSIVE;
				GCC_WARN_UNUSED_FUNCTION = YES;
				GCC_WARN_UNUSED_VARIABLE = YES;
				IPHONEOS_DEPLOYMENT_TARGET = 7.1;
				ONLY_ACTIVE_ARCH = YES;
				SDKROOT = iphoneos;
			};
			name = Debug;
		};
		1EC63C6218F9076100CB07A7 /* Release */ = {
			isa = XCBuildConfiguration;
			buildSettings = {
				ALWAYS_SEARCH_USER_PATHS = NO;
				CLANG_CXX_LANGUAGE_STANDARD = "gnu++0x";
				CLANG_CXX_LIBRARY = "libc++";
				CLANG_ENABLE_MODULES = YES;
				CLANG_ENABLE_OBJC_ARC = YES;
				CLANG_WARN_BOOL_CONVERSION = YES;
				CLANG_WARN_CONSTANT_CONVERSION = YES;
				CLANG_WARN_DIRECT_OBJC_ISA_USAGE = YES_ERROR;
				CLANG_WARN_EMPTY_BODY = YES;
				CLANG_WARN_ENUM_CONVERSION = YES;
				CLANG_WARN_INT_CONVERSION = YES;
				CLANG_WARN_OBJC_ROOT_CLASS = YES_ERROR;
				CLANG_WARN__DUPLICATE_METHOD_MATCH = YES;
				"CODE_SIGN_IDENTITY[sdk=iphoneos*]" = "iPhone Developer";
				COPY_PHASE_STRIP = YES;
				ENABLE_NS_ASSERTIONS = NO;
				GCC_C_LANGUAGE_STANDARD = gnu99;
				GCC_WARN_64_TO_32_BIT_CONVERSION = YES;
				GCC_WARN_ABOUT_RETURN_TYPE = YES_ERROR;
				GCC_WARN_UNDECLARED_SELECTOR = YES;
				GCC_WARN_UNINITIALIZED_AUTOS = YES_AGGRESSIVE;
				GCC_WARN_UNUSED_FUNCTION = YES;
				GCC_WARN_UNUSED_VARIABLE = YES;
				IPHONEOS_DEPLOYMENT_TARGET = 7.1;
				SDKROOT = iphoneos;
				VALIDATE_PRODUCT = YES;
			};
			name = Release;
		};
		1EC63C6418F9076100CB07A7 /* Debug */ = {
			isa = XCBuildConfiguration;
			buildSettings = {
				ASSETCATALOG_COMPILER_APPICON_NAME = AppIcon;
				ASSETCATALOG_COMPILER_LAUNCHIMAGE_NAME = LaunchImage;
				GCC_PRECOMPILE_PREFIX_HEADER = YES;
				GCC_PREFIX_HEADER = "Out of this world/Out of this world-Prefix.pch";
				INFOPLIST_FILE = "Out of this world/Out of this world-Info.plist";
				PRODUCT_NAME = "$(TARGET_NAME)";
				WRAPPER_EXTENSION = app;
			};
			name = Debug;
		};
		1EC63C6518F9076100CB07A7 /* Release */ = {
			isa = XCBuildConfiguration;
			buildSettings = {
				ASSETCATALOG_COMPILER_APPICON_NAME = AppIcon;
				ASSETCATALOG_COMPILER_LAUNCHIMAGE_NAME = LaunchImage;
				GCC_PRECOMPILE_PREFIX_HEADER = YES;
				GCC_PREFIX_HEADER = "Out of this world/Out of this world-Prefix.pch";
				INFOPLIST_FILE = "Out of this world/Out of this world-Info.plist";
				PRODUCT_NAME = "$(TARGET_NAME)";
				WRAPPER_EXTENSION = app;
			};
			name = Release;
		};
		1EC63C6718F9076100CB07A7 /* Debug */ = {
			isa = XCBuildConfiguration;
			buildSettings = {
				BUNDLE_LOADER = "$(BUILT_PRODUCTS_DIR)/Out of this world.app/Out of this world";
				FRAMEWORK_SEARCH_PATHS = (
					"$(SDKROOT)/Developer/Library/Frameworks",
					"$(inherited)",
					"$(DEVELOPER_FRAMEWORKS_DIR)",
				);
				GCC_PRECOMPILE_PREFIX_HEADER = YES;
				GCC_PREFIX_HEADER = "Out of this world/Out of this world-Prefix.pch";
				GCC_PREPROCESSOR_DEFINITIONS = (
					"DEBUG=1",
					"$(inherited)",
				);
				INFOPLIST_FILE = "Out of this worldTests/Out of this worldTests-Info.plist";
				PRODUCT_NAME = "$(TARGET_NAME)";
				TEST_HOST = "$(BUNDLE_LOADER)";
				WRAPPER_EXTENSION = xctest;
			};
			name = Debug;
		};
		1EC63C6818F9076100CB07A7 /* Release */ = {
			isa = XCBuildConfiguration;
			buildSettings = {
				BUNDLE_LOADER = "$(BUILT_PRODUCTS_DIR)/Out of this world.app/Out of this world";
				FRAMEWORK_SEARCH_PATHS = (
					"$(SDKROOT)/Developer/Library/Frameworks",
					"$(inherited)",
					"$(DEVELOPER_FRAMEWORKS_DIR)",
				);
				GCC_PRECOMPILE_PREFIX_HEADER = YES;
				GCC_PREFIX_HEADER = "Out of this world/Out of this world-Prefix.pch";
				INFOPLIST_FILE = "Out of this worldTests/Out of this worldTests-Info.plist";
				PRODUCT_NAME = "$(TARGET_NAME)";
				TEST_HOST = "$(BUNDLE_LOADER)";
				WRAPPER_EXTENSION = xctest;
			};
			name = Release;
		};
/* End XCBuildConfiguration section */

/* Begin XCConfigurationList section */
		1EC63C2C18F9076000CB07A7 /* Build configuration list for PBXProject "Out of this world" */ = {
			isa = XCConfigurationList;
			buildConfigurations = (
				1EC63C6118F9076100CB07A7 /* Debug */,
				1EC63C6218F9076100CB07A7 /* Release */,
			);
			defaultConfigurationIsVisible = 0;
			defaultConfigurationName = Release;
		};
		1EC63C6318F9076100CB07A7 /* Build configuration list for PBXNativeTarget "Out of this world" */ = {
			isa = XCConfigurationList;
			buildConfigurations = (
				1EC63C6418F9076100CB07A7 /* Debug */,
				1EC63C6518F9076100CB07A7 /* Release */,
			);
			defaultConfigurationIsVisible = 0;
			defaultConfigurationName = Release;
		};
		1EC63C6618F9076100CB07A7 /* Build configuration list for PBXNativeTarget "Out of this worldTests" */ = {
			isa = XCConfigurationList;
			buildConfigurations = (
				1EC63C6718F9076100CB07A7 /* Debug */,
				1EC63C6818F9076100CB07A7 /* Release */,
			);
			defaultConfigurationIsVisible = 0;
			defaultConfigurationName = Release;
		};
/* End XCConfigurationList section */
	};
	rootObject = 1EC63C2918F9076000CB07A7 /* Project object */;
}
